{
    "name": "meuagronegocio",
    "version": "1.0.0",
    "lockfileVersion": 1,
    "requires": true,
    "dependencies": {
        "cordova-plugin-datepicker": {
            "version": "0.9.3",
            "resolved": "https://registry.npmjs.org/cordova-plugin-datepicker/-/cordova-plugin-datepicker-0.9.3.tgz",
            "integrity": "sha1-JVipzlmY9tbcBs+S/Yu7nQkB8Wo="
        }
    }
}
